{
  "pins" : [
    {
      "identity" : "alamofire",
      "kind" : "remoteSourceControl",
      "location" : "https://github.com/Alamofire/Alamofire.git",
      "state" : {
        "revision" : "b2fa556e4e48cbf06cf8c63def138c98f4b811fa",
        "version" : "5.8.0"
      }
    },
    {
      "identity" : "divesdkios",
      "kind" : "remoteSourceControl",
      "location" : "https://github.com/IDScanNet/DIVESDKIOS.git",
      "state" : {
        "revision" : "43ab71afb93b8a7362c58e43a2ff3d574e356a5a",
        "version" : "1.231005.2"
      }
    },
    {
      "identity" : "idscaniddetectorios",
      "kind" : "remoteSourceControl",
      "location" : "https://github.com/IDScanNet/IDScanIDDetectorIOS.git",
      "state" : {
        "revision" : "4f90def4b9cd9765f9336070d1a4bb1bbbb5218d",
        "version" : "1.231002.2"
      }
    },
    {
      "identity" : "idscantoolsios",
      "kind" : "remoteSourceControl",
      "location" : "https://github.com/IDScanNet/IDScanToolsIOS.git",
      "state" : {
        "revision" : "af61a5ca1137a1af95858c166094425afc278795",
        "version" : "1.230616.1"
      }
    }
  ],
  "version" : 2
}
